
Microsoft Visual Studio Solution File, Format Version 12.00
# Visual Studio 15
VisualStudioVersion = 15.0.27130.2003
MinimumVisualStudioVersion = 10.0.40219.1
Project("{FAE04EC0-301F-11D3-BF4B-00C04F79EFBC}") = "CustomBuilds.Web", "CustomBuilds.Web\CustomBuilds.Web.csproj", "{EF40A48D-C0AC-44E3-9DFA-BA5AB601FB45}"
EndProject
Global
	GlobalSection(SolutionConfigurationPlatforms) = preSolution
		Debug|Any CPU = Debug|Any CPU
		Release|Any CPU = Release|Any CPU
	EndGlobalSection
	GlobalSection(ProjectConfigurationPlatforms) = postSolution
		{EF40A48D-C0AC-44E3-9DFA-BA5AB601FB45}.Debug|Any CPU.ActiveCfg = Debug|Any CPU
		{EF40A48D-C0AC-44E3-9DFA-BA5AB601FB45}.Debug|Any CPU.Build.0 = Debug|Any CPU
		{EF40A48D-C0AC-44E3-9DFA-BA5AB601FB45}.Release|Any CPU.ActiveCfg = Release|Any CPU
		{EF40A48D-C0AC-44E3-9DFA-BA5AB601FB45}.Release|Any CPU.Build.0 = Release|Any CPU
	EndGlobalSection
	GlobalSection(SolutionProperties) = preSolution
		HideSolutionNode = FALSE
	EndGlobalSection
	GlobalSection(ExtensibilityGlobals) = postSolution
		SolutionGuid = {884A1996-7F1C-423C-B7F8-0A334FE7101F}
	EndGlobalSection
EndGlobal
